// !$*UTF8*$!
{
	archiveVersion = 1;
	classes = {
	};
	objectVersion = 51;
	objects = {

/* Begin PBXBuildFile section */
		75BBAA9ADF2E4651CD1D1C4F /* Pods_SdkDemoObjectiveC.framework in Frameworks */ = {isa = PBXBuildFile; fileRef = 22873539BF330B5D924CB05E /* Pods_SdkDemoObjectiveC.framework */; };
		C4F0651124A6052300B7286D /* AppDelegate.m in Sources */ = {isa = PBXBuildFile; fileRef = C4F0651024A6052300B7286D /* AppDelegate.m */; };
		C4F0651424A6052300B7286D /* SceneDelegate.m in Sources */ = {isa = PBXBuildFile; fileRef = C4F0651324A6052300B7286D /* SceneDelegate.m */; };
		C4F0651724A6052300B7286D /* FirstViewController.m in Sources */ = {isa = PBXBuildFile; fileRef = C4F0651624A6052300B7286D /* FirstViewController.m */; };
		C4F0651A24A6052300B7286D /* SecondViewController.m in Sources */ = {isa = PBXBuildFile; fileRef = C4F0651924A6052300B7286D /* SecondViewController.m */; };
		C4F0651D24A6052300B7286D /* Main.storyboard in Resources */ = {isa = PBXBuildFile; fileRef = C4F0651B24A6052300B7286D /* Main.storyboard */; };
		C4F0651F24A6052600B7286D /* Assets.xcassets in Resources */ = {isa = PBXBuildFile; fileRef = C4F0651E24A6052600B7286D /* Assets.xcassets */; };
		C4F0652224A6052600B7286D /* LaunchScreen.storyboard in Resources */ = {isa = PBXBuildFile; fileRef = C4F0652024A6052600B7286D /* LaunchScreen.storyboard */; };
		C4F0652524A6052600B7286D /* main.m in Sources */ = {isa = PBXBuildFile; fileRef = C4F0652424A6052600B7286D /* main.m */; };
		C4F0652C24A608F200B7286D /* NarratiiveSDK.framework in Frameworks */ = {isa = PBXBuildFile; fileRef = C4F0652B24A608F200B7286D /* NarratiiveSDK.framework */; };
/* End PBXBuildFile section */

/* Begin PBXFileReference section */
		1D993065907AB603D0C9E2E3 /* Pods-SdkDemoObjectiveC.release.xcconfig */ = {isa = PBXFileReference; includeInIndex = 1; lastKnownFileType = text.xcconfig; name = "Pods-SdkDemoObjectiveC.release.xcconfig"; path = "Target Support Files/Pods-SdkDemoObjectiveC/Pods-SdkDemoObjectiveC.release.xcconfig"; sourceTree = "<group>"; };
		22873539BF330B5D924CB05E /* Pods_SdkDemoObjectiveC.framework */ = {isa = PBXFileReference; explicitFileType = wrapper.framework; includeInIndex = 0; path = Pods_SdkDemoObjectiveC.framework; sourceTree = BUILT_PRODUCTS_DIR; };
		44F38D05AC74979B723C6D46 /* Pods-SdkDemoObjectiveC.debug.xcconfig */ = {isa = PBXFileReference; includeInIndex = 1; lastKnownFileType = text.xcconfig; name = "Pods-SdkDemoObjectiveC.debug.xcconfig"; path = "Target Support Files/Pods-SdkDemoObjectiveC/Pods-SdkDemoObjectiveC.debug.xcconfig"; sourceTree = "<group>"; };
		C4F0650C24A6052300B7286D /* SdkDemoObjectiveC.app */ = {isa = PBXFileReference; explicitFileType = wrapper.application; includeInIndex = 0; path = SdkDemoObjectiveC.app; sourceTree = BUILT_PRODUCTS_DIR; };
		C4F0650F24A6052300B7286D /* AppDelegate.h */ = {isa = PBXFileReference; lastKnownFileType = sourcecode.c.h; path = AppDelegate.h; sourceTree = "<group>"; };
		C4F0651024A6052300B7286D /* AppDelegate.m */ = {isa = PBXFileReference; lastKnownFileType = sourcecode.c.objc; path = AppDelegate.m; sourceTree = "<group>"; };
		C4F0651224A6052300B7286D /* SceneDelegate.h */ = {isa = PBXFileReference; lastKnownFileType = sourcecode.c.h; path = SceneDelegate.h; sourceTree = "<group>"; };
		C4F0651324A6052300B7286D /* SceneDelegate.m */ = {isa = PBXFileReference; lastKnownFileType = sourcecode.c.objc; path = SceneDelegate.m; sourceTree = "<group>"; };
		C4F0651524A6052300B7286D /* FirstViewController.h */ = {isa = PBXFileReference; lastKnownFileType = sourcecode.c.h; path = FirstViewController.h; sourceTree = "<group>"; };
		C4F0651624A6052300B7286D /* FirstViewController.m */ = {isa = PBXFileReference; lastKnownFileType = sourcecode.c.objc; path = FirstViewController.m; sourceTree = "<group>"; };
		C4F0651824A6052300B7286D /* SecondViewController.h */ = {isa = PBXFileReference; lastKnownFileType = sourcecode.c.h; path = SecondViewController.h; sourceTree = "<group>"; };
		C4F0651924A6052300B7286D /* SecondViewController.m */ = {isa = PBXFileReference; lastKnownFileType = sourcecode.c.objc; path = SecondViewController.m; sourceTree = "<group>"; };
		C4F0651C24A6052300B7286D /* Base */ = {isa = PBXFileReference; lastKnownFileType = file.storyboard; name = Base; path = Base.lproj/Main.storyboard; sourceTree = "<group>"; };
		C4F0651E24A6052600B7286D /* Assets.xcassets */ = {isa = PBXFileReference; lastKnownFileType = folder.assetcatalog; path = Assets.xcassets; sourceTree = "<group>"; };
		C4F0652124A6052600B7286D /* Base */ = {isa = PBXFileReference; lastKnownFileType = file.storyboard; name = Base; path = Base.lproj/LaunchScreen.storyboard; sourceTree = "<group>"; };
		C4F0652324A6052600B7286D /* Info.plist */ = {isa = PBXFileReference; lastKnownFileType = text.plist.xml; path = Info.plist; sourceTree = "<group>"; };
		C4F0652424A6052600B7286D /* main.m */ = {isa = PBXFileReference; lastKnownFileType = sourcecode.c.objc; path = main.m; sourceTree = "<group>"; };
		C4F0652B24A608F200B7286D /* NarratiiveSDK.framework */ = {isa = PBXFileReference; explicitFileType = wrapper.framework; path = NarratiiveSDK.framework; sourceTree = BUILT_PRODUCTS_DIR; };
		C4F0652F24A7589800B7286D /* SdkDemoObjectiveC-Bridging-Header.h */ = {isa = PBXFileReference; lastKnownFileType = sourcecode.c.h; path = "SdkDemoObjectiveC-Bridging-Header.h"; sourceTree = "<group>"; };
/* End PBXFileReference section */

/* Begin PBXFrameworksBuildPhase section */
		C4F0650924A6052300B7286D /* Frameworks */ = {
			isa = PBXFrameworksBuildPhase;
			buildActionMask = 2147483647;
			files = (
				C4F0652C24A608F200B7286D /* NarratiiveSDK.framework in Frameworks */,
				75BBAA9ADF2E4651CD1D1C4F /* Pods_SdkDemoObjectiveC.framework in Frameworks */,
			);
			runOnlyForDeploymentPostprocessing = 0;
		};
/* End PBXFrameworksBuildPhase section */

/* Begin PBXGroup section */
		C4F0650324A6052300B7286D = {
			isa = PBXGroup;
			children = (
				C4F0650E24A6052300B7286D /* SdkDemoObjectiveC */,
				C4F0650D24A6052300B7286D /* Products */,
				FEB655CFC8F631109AD20B19 /* Pods */,
				E4E45BD8A7514EA1CA536373 /* Frameworks */,
			);
			sourceTree = "<group>";
		};
		C4F0650D24A6052300B7286D /* Products */ = {
			isa = PBXGroup;
			children = (
				C4F0650C24A6052300B7286D /* SdkDemoObjectiveC.app */,
			);
			name = Products;
			sourceTree = "<group>";
		};
		C4F0650E24A6052300B7286D /* SdkDemoObjectiveC */ = {
			isa = PBXGroup;
			children = (
				C4F0650F24A6052300B7286D /* AppDelegate.h */,
				C4F0651024A6052300B7286D /* AppDelegate.m */,
				C4F0651224A6052300B7286D /* SceneDelegate.h */,
				C4F0651324A6052300B7286D /* SceneDelegate.m */,
				C4F0651524A6052300B7286D /* FirstViewController.h */,
				C4F0651624A6052300B7286D /* FirstViewController.m */,
				C4F0651824A6052300B7286D /* SecondViewController.h */,
				C4F0651924A6052300B7286D /* SecondViewController.m */,
				C4F0651B24A6052300B7286D /* Main.storyboard */,
				C4F0651E24A6052600B7286D /* Assets.xcassets */,
				C4F0652024A6052600B7286D /* LaunchScreen.storyboard */,
				C4F0652324A6052600B7286D /* Info.plist */,
				C4F0652424A6052600B7286D /* main.m */,
				C4F0652F24A7589800B7286D /* SdkDemoObjectiveC-Bridging-Header.h */,
			);
			path = SdkDemoObjectiveC;
			sourceTree = "<group>";
		};
		E4E45BD8A7514EA1CA536373 /* Frameworks */ = {
			isa = PBXGroup;
			children = (
				C4F0652B24A608F200B7286D /* NarratiiveSDK.framework */,
				22873539BF330B5D924CB05E /* Pods_SdkDemoObjectiveC.framework */,
			);
			name = Frameworks;
			sourceTree = "<group>";
		};
		FEB655CFC8F631109AD20B19 /* Pods */ = {
			isa = PBXGroup;
			children = (
				44F38D05AC74979B723C6D46 /* Pods-SdkDemoObjectiveC.debug.xcconfig */,
				1D993065907AB603D0C9E2E3 /* Pods-SdkDemoObjectiveC.release.xcconfig */,
			);
			path = Pods;
			sourceTree = "<group>";
		};
/* End PBXGroup section */

/* Begin PBXNativeTarget section */
		C4F0650B24A6052300B7286D /* SdkDemoObjectiveC */ = {
			isa = PBXNativeTarget;
			buildConfigurationList = C4F0652824A6052600B7286D /* Build configuration list for PBXNativeTarget "SdkDemoObjectiveC" */;
			buildPhases = (
				4B04A34230C74E12AC4241B1 /* [CP] Check Pods Manifest.lock */,
				C4F0650824A6052300B7286D /* Sources */,
				C4F0650924A6052300B7286D /* Frameworks */,
				C4F0650A24A6052300B7286D /* Resources */,
				FC6C5F06937566150E1914E6 /* [CP] Embed Pods Frameworks */,
			);
			buildRules = (
			);
			dependencies = (
			);
			name = SdkDemoObjectiveC;
			productName = SdkDemoObjectiveC;
			productReference = C4F0650C24A6052300B7286D /* SdkDemoObjectiveC.app */;
			productType = "com.apple.product-type.application";
		};
/* End PBXNativeTarget section */

/* Begin PBXProject section */
		C4F0650424A6052300B7286D /* Project object */ = {
			isa = PBXProject;
			attributes = {
				LastUpgradeCheck = 1150;
				ORGANIZATIONNAME = "Narratiive Audience Measurement";
				TargetAttributes = {
					C4F0650B24A6052300B7286D = {
						CreatedOnToolsVersion = 11.5;
						LastSwiftMigration = 1150;
					};
				};
			};
			buildConfigurationList = C4F0650724A6052300B7286D /* Build configuration list for PBXProject "SdkDemoObjectiveC" */;
			compatibilityVersion = "Xcode 9.3";
			developmentRegion = en;
			hasScannedForEncodings = 0;
			knownRegions = (
				en,
				Base,
			);
			mainGroup = C4F0650324A6052300B7286D;
			productRefGroup = C4F0650D24A6052300B7286D /* Products */;
			projectDirPath = "";
			projectRoot = "";
			targets = (
				C4F0650B24A6052300B7286D /* SdkDemoObjectiveC */,
			);
		};
/* End PBXProject section */

/* Begin PBXResourcesBuildPhase section */
		C4F0650A24A6052300B7286D /* Resources */ = {
			isa = PBXResourcesBuildPhase;
			buildActionMask = 2147483647;
			files = (
				C4F0652224A6052600B7286D /* LaunchScreen.storyboard in Resources */,
				C4F0651F24A6052600B7286D /* Assets.xcassets in Resources */,
				C4F0651D24A6052300B7286D /* Main.storyboard in Resources */,
			);
			runOnlyForDeploymentPostprocessing = 0;
		};
/* End PBXResourcesBuildPhase section */

/* Begin PBXShellScriptBuildPhase section */
		4B04A34230C74E12AC4241B1 /* [CP] Check Pods Manifest.lock */ = {
			isa = PBXShellScriptBuildPhase;
			buildActionMask = 2147483647;
			files = (
			);
			inputFileListPaths = (
			);
			inputPaths = (
				"${PODS_PODFILE_DIR_PATH}/Podfile.lock",
				"${PODS_ROOT}/Manifest.lock",
			);
			name = "[CP] Check Pods Manifest.lock";
			outputFileListPaths = (
			);
			outputPaths = (
				"$(DERIVED_FILE_DIR)/Pods-SdkDemoObjectiveC-checkManifestLockResult.txt",
			);
			runOnlyForDeploymentPostprocessing = 0;
			shellPath = /bin/sh;
			shellScript = "diff \"${PODS_PODFILE_DIR_PATH}/Podfile.lock\" \"${PODS_ROOT}/Manifest.lock\" > /dev/null\nif [ $? != 0 ] ; then\n    # print error to STDERR\n    echo \"error: The sandbox is not in sync with the Podfile.lock. Run 'pod install' or update your CocoaPods installation.\" >&2\n    exit 1\nfi\n# This output is used by Xcode 'outputs' to avoid re-running this script phase.\necho \"SUCCESS\" > \"${SCRIPT_OUTPUT_FILE_0}\"\n";
			showEnvVarsInLog = 0;
		};
		FC6C5F06937566150E1914E6 /* [CP] Embed Pods Frameworks */ = {
			isa = PBXShellScriptBuildPhase;
			buildActionMask = 2147483647;
			files = (
			);
			inputFileListPaths = (
				"${PODS_ROOT}/Target Support Files/Pods-SdkDemoObjectiveC/Pods-SdkDemoObjectiveC-frameworks-${CONFIGURATION}-input-files.xcfilelist",
			);
			name = "[CP] Embed Pods Frameworks";
			outputFileListPaths = (
				"${PODS_ROOT}/Target Support Files/Pods-SdkDemoObjectiveC/Pods-SdkDemoObjectiveC-frameworks-${CONFIGURATION}-output-files.xcfilelist",
			);
			runOnlyForDeploymentPostprocessing = 0;
			shellPath = /bin/sh;
			shellScript = "\"${PODS_ROOT}/Target Support Files/Pods-SdkDemoObjectiveC/Pods-SdkDemoObjectiveC-frameworks.sh\"\n";
			showEnvVarsInLog = 0;
		};
/* End PBXShellScriptBuildPhase section */

/* Begin PBXSourcesBuildPhase section */
		C4F0650824A6052300B7286D /* Sources */ = {
			isa = PBXSourcesBuildPhase;
			buildActionMask = 2147483647;
			files = (
				C4F0652524A6052600B7286D /* main.m in Sources */,
				C4F0651A24A6052300B7286D /* SecondViewController.m in Sources */,
				C4F0651124A6052300B7286D /* AppDelegate.m in Sources */,
				C4F0651724A6052300B7286D /* FirstViewController.m in Sources */,
				C4F0651424A6052300B7286D /* SceneDelegate.m in Sources */,
			);
			runOnlyForDeploymentPostprocessing = 0;
		};
/* End PBXSourcesBuildPhase section */

/* Begin PBXVariantGroup section */
		C4F0651B24A6052300B7286D /* Main.storyboard */ = {
			isa = PBXVariantGroup;
			children = (
				C4F0651C24A6052300B7286D /* Base */,
			);
			name = Main.storyboard;
			sourceTree = "<group>";
		};
		C4F0652024A6052600B7286D /* LaunchScreen.storyboard */ = {
			isa = PBXVariantGroup;
			children = (
				C4F0652124A6052600B7286D /* Base */,
			);
			name = LaunchScreen.storyboard;
			sourceTree = "<group>";
		};
/* End PBXVariantGroup section */

/* Begin XCBuildConfiguration section */
		C4F0652624A6052600B7286D /* Debug */ = {
			isa = XCBuildConfiguration;
			buildSettings = {
				ALWAYS_SEARCH_USER_PATHS = NO;
				CLANG_ANALYZER_NONNULL = YES;
				CLANG_ANALYZER_NUMBER_OBJECT_CONVERSION = YES_AGGRESSIVE;
				CLANG_CXX_LANGUAGE_STANDARD = "gnu++14";
				CLANG_CXX_LIBRARY = "libc++";
				CLANG_ENABLE_MODULES = YES;
				CLANG_ENABLE_OBJC_ARC = YES;
				CLANG_ENABLE_OBJC_WEAK = YES;
				CLANG_WARN_BLOCK_CAPTURE_AUTORELEASING = YES;
				CLANG_WARN_BOOL_CONVERSION = YES;
				CLANG_WARN_COMMA = YES;
				CLANG_WARN_CONSTANT_CONVERSION = YES;
				CLANG_WARN_DEPRECATED_OBJC_IMPLEMENTATIONS = YES;
				CLANG_WARN_DIRECT_OBJC_ISA_USAGE = YES_ERROR;
				CLANG_WARN_DOCUMENTATION_COMMENTS = YES;
				CLANG_WARN_EMPTY_BODY = YES;
				CLANG_WARN_ENUM_CONVERSION = YES;
				CLANG_WARN_INFINITE_RECURSION = YES;
				CLANG_WARN_INT_CONVERSION = YES;
				CLANG_WARN_NON_LITERAL_NULL_CONVERSION = YES;
				CLANG_WARN_OBJC_IMPLICIT_RETAIN_SELF = YES;
				CLANG_WARN_OBJC_LITERAL_CONVERSION = YES;
				CLANG_WARN_OBJC_ROOT_CLASS = YES_ERROR;
				CLANG_WARN_RANGE_LOOP_ANALYSIS = YES;
				CLANG_WARN_STRICT_PROTOTYPES = YES;
				CLANG_WARN_SUSPICIOUS_MOVE = YES;
				CLANG_WARN_UNGUARDED_AVAILABILITY = YES_AGGRESSIVE;
				CLANG_WARN_UNREACHABLE_CODE = YES;
				CLANG_WARN__DUPLICATE_METHOD_MATCH = YES;
				COPY_PHASE_STRIP = NO;
				DEBUG_INFORMATION_FORMAT = dwarf;
				ENABLE_STRICT_OBJC_MSGSEND = YES;
				ENABLE_TESTABILITY = YES;
				GCC_C_LANGUAGE_STANDARD = gnu11;
				GCC_DYNAMIC_NO_PIC = NO;
				GCC_NO_COMMON_BLOCKS = YES;
				GCC_OPTIMIZATION_LEVEL = 0;
				GCC_PREPROCESSOR_DEFINITIONS = (
					"DEBUG=1",
					"$(inherited)",
				);
				GCC_WARN_64_TO_32_BIT_CONVERSION = YES;
				GCC_WARN_ABOUT_RETURN_TYPE = YES_ERROR;
				GCC_WARN_UNDECLARED_SELECTOR = YES;
				GCC_WARN_UNINITIALIZED_AUTOS = YES_AGGRESSIVE;
				GCC_WARN_UNUSED_FUNCTION = YES;
				GCC_WARN_UNUSED_VARIABLE = YES;
				IPHONEOS_DEPLOYMENT_TARGET = 13.5;
				MTL_ENABLE_DEBUG_INFO = INCLUDE_SOURCE;
				MTL_FAST_MATH = YES;
				ONLY_ACTIVE_ARCH = YES;
				SDKROOT = iphoneos;
			};
			name = Debug;
		};
		C4F0652724A6052600B7286D /* Release */ = {
			isa = XCBuildConfiguration;
			buildSettings = {
				ALWAYS_SEARCH_USER_PATHS = NO;
				CLANG_ANALYZER_NONNULL = YES;
				CLANG_ANALYZER_NUMBER_OBJECT_CONVERSION = YES_AGGRESSIVE;
				CLANG_CXX_LANGUAGE_STANDARD = "gnu++14";
				CLANG_CXX_LIBRARY = "libc++";
				CLANG_ENABLE_MODULES = YES;
				CLANG_ENABLE_OBJC_ARC = YES;
				CLANG_ENABLE_OBJC_WEAK = YES;
				CLANG_WARN_BLOCK_CAPTURE_AUTORELEASING = YES;
				CLANG_WARN_BOOL_CONVERSION = YES;
				CLANG_WARN_COMMA = YES;
				CLANG_WARN_CONSTANT_CONVERSION = YES;
				CLANG_WARN_DEPRECATED_OBJC_IMPLEMENTATIONS = YES;
				CLANG_WARN_DIRECT_OBJC_ISA_USAGE = YES_ERROR;
				CLANG_WARN_DOCUMENTATION_COMMENTS = YES;
				CLANG_WARN_EMPTY_BODY = YES;
				CLANG_WARN_ENUM_CONVERSION = YES;
				CLANG_WARN_INFINITE_RECURSION = YES;
				CLANG_WARN_INT_CONVERSION = YES;
				CLANG_WARN_NON_LITERAL_NULL_CONVERSION = YES;
				CLANG_WARN_OBJC_IMPLICIT_RETAIN_SELF = YES;
				CLANG_WARN_OBJC_LITERAL_CONVERSION = YES;
				CLANG_WARN_OBJC_ROOT_CLASS = YES_ERROR;
				CLANG_WARN_RANGE_LOOP_ANALYSIS = YES;
				CLANG_WARN_STRICT_PROTOTYPES = YES;
				CLANG_WARN_SUSPICIOUS_MOVE = YES;
				CLANG_WARN_UNGUARDED_AVAILABILITY = YES_AGGRESSIVE;
				CLANG_WARN_UNREACHABLE_CODE = YES;
				CLANG_WARN__DUPLICATE_METHOD_MATCH = YES;
				COPY_PHASE_STRIP = NO;
				DEBUG_INFORMATION_FORMAT = "dwarf-with-dsym";
				ENABLE_NS_ASSERTIONS = NO;
				ENABLE_STRICT_OBJC_MSGSEND = YES;
				GCC_C_LANGUAGE_STANDARD = gnu11;
				GCC_NO_COMMON_BLOCKS = YES;
				GCC_WARN_64_TO_32_BIT_CONVERSION = YES;
				GCC_WARN_ABOUT_RETURN_TYPE = YES_ERROR;
				GCC_WARN_UNDECLARED_SELECTOR = YES;
				GCC_WARN_UNINITIALIZED_AUTOS = YES_AGGRESSIVE;
				GCC_WARN_UNUSED_FUNCTION = YES;
				GCC_WARN_UNUSED_VARIABLE = YES;
				IPHONEOS_DEPLOYMENT_TARGET = 13.5;
				MTL_ENABLE_DEBUG_INFO = NO;
				MTL_FAST_MATH = YES;
				SDKROOT = iphoneos;
				VALIDATE_PRODUCT = YES;
			};
			name = Release;
		};
		C4F0652924A6052600B7286D /* Debug */ = {
			isa = XCBuildConfiguration;
			baseConfigurationReference = 44F38D05AC74979B723C6D46 /* Pods-SdkDemoObjectiveC.debug.xcconfig */;
			buildSettings = {
				ASSETCATALOG_COMPILER_APPICON_NAME = AppIcon;
				CLANG_ENABLE_MODULES = YES;
				CODE_SIGN_STYLE = Automatic;
				DEVELOPMENT_TEAM = V3545B757M;
				INFOPLIST_FILE = SdkDemoObjectiveC/Info.plist;
				LD_RUNPATH_SEARCH_PATHS = (
					"$(inherited)",
					"@executable_path/Frameworks",
				);
				PRODUCT_BUNDLE_IDENTIFIER = com.narratiive.SdkDemoObjectiveC;
				PRODUCT_NAME = "$(TARGET_NAME)";
				SWIFT_OBJC_BRIDGING_HEADER = "SdkDemoObjectiveC/SdkDemoObjectiveC-Bridging-Header.h";
				SWIFT_OPTIMIZATION_LEVEL = "-Onone";
				SWIFT_VERSION = 5.0;
				TARGETED_DEVICE_FAMILY = "1,2";
			};
			name = Debug;
		};
		C4F0652A24A6052600B7286D /* Release */ = {
			isa = XCBuildConfiguration;
			baseConfigurationReference = 1D993065907AB603D0C9E2E3 /* Pods-SdkDemoObjectiveC.release.xcconfig */;
			buildSettings = {
				ASSETCATALOG_COMPILER_APPICON_NAME = AppIcon;
				CLANG_ENABLE_MODULES = YES;
				CODE_SIGN_STYLE = Automatic;
				DEVELOPMENT_TEAM = V3545B757M;
				INFOPLIST_FILE = SdkDemoObjectiveC/Info.plist;
				LD_RUNPATH_SEARCH_PATHS = (
					"$(inherited)",
					"@executable_path/Frameworks",
				);
				PRODUCT_BUNDLE_IDENTIFIER = com.narratiive.SdkDemoObjectiveC;
				PRODUCT_NAME = "$(TARGET_NAME)";
				SWIFT_OBJC_BRIDGING_HEADER = "SdkDemoObjectiveC/SdkDemoObjectiveC-Bridging-Header.h";
				SWIFT_VERSION = 5.0;
				TARGETED_DEVICE_FAMILY = "1,2";
			};
			name = Release;
		};
/* End XCBuildConfiguration section */

/* Begin XCConfigurationList section */
		C4F0650724A6052300B7286D /* Build configuration list for PBXProject "SdkDemoObjectiveC" */ = {
			isa = XCConfigurationList;
			buildConfigurations = (
				C4F0652624A6052600B7286D /* Debug */,
				C4F0652724A6052600B7286D /* Release */,
			);
			defaultConfigurationIsVisible = 0;
			defaultConfigurationName = Release;
		};
		C4F0652824A6052600B7286D /* Build configuration list for PBXNativeTarget "SdkDemoObjectiveC" */ = {
			isa = XCConfigurationList;
			buildConfigurations = (
				C4F0652924A6052600B7286D /* Debug */,
				C4F0652A24A6052600B7286D /* Release */,
			);
			defaultConfigurationIsVisible = 0;
			defaultConfigurationName = Release;
		};
/* End XCConfigurationList section */
	};
	rootObject = C4F0650424A6052300B7286D /* Project object */;
}
